// !$*UTF8*$!
{
	archiveVersion = 1;
	classes = {
	};
	objectVersion = 55;
	objects = {

/* Begin PBXBuildFile section */
		110CF6B42832405500429663 /* CharacterImageTableViewCell.swift in Sources */ = {isa = PBXBuildFile; fileRef = 110CF6B32832405500429663 /* CharacterImageTableViewCell.swift */; };
		110CF6B6283241D900429663 /* CharacterDescriptionTableViewCell.swift in Sources */ = {isa = PBXBuildFile; fileRef = 110CF6B5283241D900429663 /* CharacterDescriptionTableViewCell.swift */; };
		110CF6B82832422100429663 /* CharacterBibliographyTableViewCell.swift in Sources */ = {isa = PBXBuildFile; fileRef = 110CF6B72832422100429663 /* CharacterBibliographyTableViewCell.swift */; };
		11179AA5283109AE001580C0 /* CharactersHomeTabBar.swift in Sources */ = {isa = PBXBuildFile; fileRef = 11179AA4283109AE001580C0 /* CharactersHomeTabBar.swift */; };
		11179AA7283109BC001580C0 /* CharactersHomeTabBar.storyboard in Resources */ = {isa = PBXBuildFile; fileRef = 11179AA6283109BC001580C0 /* CharactersHomeTabBar.storyboard */; };
		11179AA928310A23001580C0 /* CharactersHomeTabBarAssembly.swift in Sources */ = {isa = PBXBuildFile; fileRef = 11179AA828310A23001580C0 /* CharactersHomeTabBarAssembly.swift */; };
		11179AB32831181D001580C0 /* CharacterDetailsViewController.swift in Sources */ = {isa = PBXBuildFile; fileRef = 11179AB22831181D001580C0 /* CharacterDetailsViewController.swift */; };
		11179AB52831182A001580C0 /* CharacterDetailsViewController.storyboard in Resources */ = {isa = PBXBuildFile; fileRef = 11179AB42831182A001580C0 /* CharacterDetailsViewController.storyboard */; };
		11179AB728311844001580C0 /* CharacterDetailsAssembly.swift in Sources */ = {isa = PBXBuildFile; fileRef = 11179AB628311844001580C0 /* CharacterDetailsAssembly.swift */; };
		111DC5B9297EF809001C0E56 /* NumberOfItems.swift in Sources */ = {isa = PBXBuildFile; fileRef = 111DC5B8297EF809001C0E56 /* NumberOfItems.swift */; };
		112E300D28970C05000B8921 /* StringExt.swift in Sources */ = {isa = PBXBuildFile; fileRef = 112E300C28970C05000B8921 /* StringExt.swift */; };
		112E301028970DD0000B8921 /* Localizable.strings in Resources */ = {isa = PBXBuildFile; fileRef = 112E301228970DD0000B8921 /* Localizable.strings */; };
		116A4819298E75AB006D14D2 /* FavoriteCharsTableViewCell.swift in Sources */ = {isa = PBXBuildFile; fileRef = 116A4818298E75AB006D14D2 /* FavoriteCharsTableViewCell.swift */; };
		1191D26E2983CEE30018F2C4 /* FavoriteCharsViewController.storyboard in Resources */ = {isa = PBXBuildFile; fileRef = 1191D26D2983CEE30018F2C4 /* FavoriteCharsViewController.storyboard */; };
		11948D3D298BDE9B00FEB156 /* CharactersDataModel.xcdatamodeld in Sources */ = {isa = PBXBuildFile; fileRef = 11948D3B298BDE9B00FEB156 /* CharactersDataModel.xcdatamodeld */; };
		119524C62843BE6600D2EF7D /* CharacterDetailsPresenterImpl.swift in Sources */ = {isa = PBXBuildFile; fileRef = 119524C52843BE6500D2EF7D /* CharacterDetailsPresenterImpl.swift */; };
		119524C82843C3C500D2EF7D /* CharacterDetailsRouterImpl.swift in Sources */ = {isa = PBXBuildFile; fileRef = 119524C72843C3C500D2EF7D /* CharacterDetailsRouterImpl.swift */; };
		119524CA2843C61C00D2EF7D /* CharacterDetailsInteractorImpl.swift in Sources */ = {isa = PBXBuildFile; fileRef = 119524C92843C61C00D2EF7D /* CharacterDetailsInteractorImpl.swift */; };
		1196E94E284D05A10000AC2A /* CharacterDetailsProviderImpl.swift in Sources */ = {isa = PBXBuildFile; fileRef = 1196E94D284D05A10000AC2A /* CharacterDetailsProviderImpl.swift */; };
		119BD300282C023F009C474B /* AppDelegate.swift in Sources */ = {isa = PBXBuildFile; fileRef = 119BD2FF282C023F009C474B /* AppDelegate.swift */; };
		119BD309282C0244009C474B /* Assets.xcassets in Resources */ = {isa = PBXBuildFile; fileRef = 119BD308282C0244009C474B /* Assets.xcassets */; };
		119BD30C282C0244009C474B /* LaunchScreen.storyboard in Resources */ = {isa = PBXBuildFile; fileRef = 119BD30A282C0244009C474B /* LaunchScreen.storyboard */; };
		119BD317282C0245009C474B /* MarvelVIPERTests.swift in Sources */ = {isa = PBXBuildFile; fileRef = 119BD316282C0245009C474B /* MarvelVIPERTests.swift */; };
		119BD321282C0245009C474B /* MarvelVIPERUITests.swift in Sources */ = {isa = PBXBuildFile; fileRef = 119BD320282C0245009C474B /* MarvelVIPERUITests.swift */; };
		119BD323282C0245009C474B /* MarvelVIPERUITestsLaunchTests.swift in Sources */ = {isa = PBXBuildFile; fileRef = 119BD322282C0245009C474B /* MarvelVIPERUITestsLaunchTests.swift */; };
		119BD330282C079F009C474B /* SensitiveData.swift in Sources */ = {isa = PBXBuildFile; fileRef = 119BD32F282C079F009C474B /* SensitiveData.swift */; };
		119BD338282C0E4C009C474B /* UIViewControllerExt.swift in Sources */ = {isa = PBXBuildFile; fileRef = 119BD337282C0E4C009C474B /* UIViewControllerExt.swift */; };
		119BD33B282C1B10009C474B /* AppAssembly.swift in Sources */ = {isa = PBXBuildFile; fileRef = 119BD33A282C1B10009C474B /* AppAssembly.swift */; };
		119BD33F282C1BE8009C474B /* MarvelCollectionAssembly.swift in Sources */ = {isa = PBXBuildFile; fileRef = 119BD33E282C1BE8009C474B /* MarvelCollectionAssembly.swift */; };
		119BD342282C1FA8009C474B /* BaseVIPER.swift in Sources */ = {isa = PBXBuildFile; fileRef = 119BD341282C1FA8009C474B /* BaseVIPER.swift */; };
		119BD345282C21D4009C474B /* MarvelCharactersListViewController.swift in Sources */ = {isa = PBXBuildFile; fileRef = 119BD344282C21D4009C474B /* MarvelCharactersListViewController.swift */; };
		119BD347282C21E4009C474B /* MarvelCharactersListViewController.storyboard in Resources */ = {isa = PBXBuildFile; fileRef = 119BD346282C21E4009C474B /* MarvelCharactersListViewController.storyboard */; };
		11B278F229955C83005646BD /* FavoriteCharDetailsTableViewController.swift in Sources */ = {isa = PBXBuildFile; fileRef = 11B278F129955C83005646BD /* FavoriteCharDetailsTableViewController.swift */; };
		11B278F429955C9A005646BD /* FavoriteCharDetailsTableViewController.storyboard in Resources */ = {isa = PBXBuildFile; fileRef = 11B278F329955C9A005646BD /* FavoriteCharDetailsTableViewController.storyboard */; };
		11B278F829956009005646BD /* FavoriteCharDetailsAssembly.swift in Sources */ = {isa = PBXBuildFile; fileRef = 11B278F729956009005646BD /* FavoriteCharDetailsAssembly.swift */; };
		11B631FA2850B8E700BF67EE /* kConstantKeyStrings.swift in Sources */ = {isa = PBXBuildFile; fileRef = 11B631F92850B8E700BF67EE /* kConstantKeyStrings.swift */; };
		11B94849282E69E400655D09 /* MarvelCharactersListPresenterImpl.swift in Sources */ = {isa = PBXBuildFile; fileRef = 11B94848282E69E400655D09 /* MarvelCharactersListPresenterImpl.swift */; };
		11B9484B282E6AFB00655D09 /* MarvelCharactersListRouterImpl.swift in Sources */ = {isa = PBXBuildFile; fileRef = 11B9484A282E6AFB00655D09 /* MarvelCharactersListRouterImpl.swift */; };
		11B94850282EA4E700655D09 /* RequestManager.swift in Sources */ = {isa = PBXBuildFile; fileRef = 11B9484F282EA4E700655D09 /* RequestManager.swift */; };
		11B94853282EA77700655D09 /* Utils.swift in Sources */ = {isa = PBXBuildFile; fileRef = 11B94852282EA77700655D09 /* Utils.swift */; };
		11B94855282EC91900655D09 /* MarvelCharactersListProviderImpl.swift in Sources */ = {isa = PBXBuildFile; fileRef = 11B94854282EC91900655D09 /* MarvelCharactersListProviderImpl.swift */; };
		11B94858282ECC8200655D09 /* MarvelCharacterModel.swift in Sources */ = {isa = PBXBuildFile; fileRef = 11B94857282ECC8200655D09 /* MarvelCharacterModel.swift */; };
		11BDCB702992426E0089D61B /* FavoriteMarvelCharsListPresenter.swift in Sources */ = {isa = PBXBuildFile; fileRef = 11BDCB6F2992426E0089D61B /* FavoriteMarvelCharsListPresenter.swift */; };
		11BDCB73299245220089D61B /* FavoriteCharsListRouter.swift in Sources */ = {isa = PBXBuildFile; fileRef = 11BDCB72299245220089D61B /* FavoriteCharsListRouter.swift */; };
		11BDCB762992B5910089D61B /* FavoriteMarvelCharactersListInteractor.swift in Sources */ = {isa = PBXBuildFile; fileRef = 11BDCB752992B5910089D61B /* FavoriteMarvelCharactersListInteractor.swift */; };
		11BDCB792992C6F10089D61B /* FavoriteCharsListProvider.swift in Sources */ = {isa = PBXBuildFile; fileRef = 11BDCB782992C6F10089D61B /* FavoriteCharsListProvider.swift */; };
		11C2B4CD29963C32004DC1BF /* FavoriteCharDetailsPresenter.swift in Sources */ = {isa = PBXBuildFile; fileRef = 11C2B4CC29963C32004DC1BF /* FavoriteCharDetailsPresenter.swift */; };
		11D383F8282FB13A0082C8E6 /* MarvelCharactersListInteractorImpl.swift in Sources */ = {isa = PBXBuildFile; fileRef = 11D383F7282FB13A0082C8E6 /* MarvelCharactersListInteractorImpl.swift */; };
		11D383FB282FC82E0082C8E6 /* CharactersListViewModel.swift in Sources */ = {isa = PBXBuildFile; fileRef = 11D383FA282FC82E0082C8E6 /* CharactersListViewModel.swift */; };
		11D383FD283010220082C8E6 /* MarvelCharacterCollectionViewCell.swift in Sources */ = {isa = PBXBuildFile; fileRef = 11D383FC283010220082C8E6 /* MarvelCharacterCollectionViewCell.swift */; };
		11D383FF28303AB30082C8E6 /* UIImageViewExt.swift in Sources */ = {isa = PBXBuildFile; fileRef = 11D383FE28303AB30082C8E6 /* UIImageViewExt.swift */; };
		11DDAE1B29828D90005B4EA2 /* FavoriteCharsViewAssembly.swift in Sources */ = {isa = PBXBuildFile; fileRef = 11DDAE1A29828D90005B4EA2 /* FavoriteCharsViewAssembly.swift */; };
		11DDAE1D29828E35005B4EA2 /* FavoriteCharsViewController.swift in Sources */ = {isa = PBXBuildFile; fileRef = 11DDAE1C29828E35005B4EA2 /* FavoriteCharsViewController.swift */; };
		11FAC8052996570F00F2DCC4 /* FavoriteCharDetailsRouter.swift in Sources */ = {isa = PBXBuildFile; fileRef = 11FAC8042996570E00F2DCC4 /* FavoriteCharDetailsRouter.swift */; };
		11FAC8082996599D00F2DCC4 /* FavoriteCharDetailsInteractor.swift in Sources */ = {isa = PBXBuildFile; fileRef = 11FAC8072996599D00F2DCC4 /* FavoriteCharDetailsInteractor.swift */; };
		11FAC80A29965BE100F2DCC4 /* FavoriteCharDetailsProvider.swift in Sources */ = {isa = PBXBuildFile; fileRef = 11FAC80929965BE100F2DCC4 /* FavoriteCharDetailsProvider.swift */; };
		11FAC80E2996738100F2DCC4 /* FavCharImgTableViewCell.swift in Sources */ = {isa = PBXBuildFile; fileRef = 11FAC80D2996738100F2DCC4 /* FavCharImgTableViewCell.swift */; };
		11FAC8102996A37C00F2DCC4 /* FavCharDescriptionTableViewCell.swift in Sources */ = {isa = PBXBuildFile; fileRef = 11FAC80F2996A37C00F2DCC4 /* FavCharDescriptionTableViewCell.swift */; };
		11FAC8122996AB4E00F2DCC4 /* FavCharBibliographyTableViewCell.swift in Sources */ = {isa = PBXBuildFile; fileRef = 11FAC8112996AB4E00F2DCC4 /* FavCharBibliographyTableViewCell.swift */; };
		11FAC8142996B28F00F2DCC4 /* FavCharObservationsTableViewCell.swift in Sources */ = {isa = PBXBuildFile; fileRef = 11FAC8132996B28F00F2DCC4 /* FavCharObservationsTableViewCell.swift */; };
/* End PBXBuildFile section */

/* Begin PBXContainerItemProxy section */
		119BD313282C0245009C474B /* PBXContainerItemProxy */ = {
			isa = PBXContainerItemProxy;
			containerPortal = 119BD2F4282C023F009C474B /* Project object */;
			proxyType = 1;
			remoteGlobalIDString = 119BD2FB282C023F009C474B;
			remoteInfo = MarvelVIPER;
		};
		119BD31D282C0245009C474B /* PBXContainerItemProxy */ = {
			isa = PBXContainerItemProxy;
			containerPortal = 119BD2F4282C023F009C474B /* Project object */;
			proxyType = 1;
			remoteGlobalIDString = 119BD2FB282C023F009C474B;
			remoteInfo = MarvelVIPER;
		};
/* End PBXContainerItemProxy section */

/* Begin PBXFileReference section */
		110CF6B32832405500429663 /* CharacterImageTableViewCell.swift */ = {isa = PBXFileReference; lastKnownFileType = sourcecode.swift; path = CharacterImageTableViewCell.swift; sourceTree = "<group>"; };
		110CF6B5283241D900429663 /* CharacterDescriptionTableViewCell.swift */ = {isa = PBXFileReference; lastKnownFileType = sourcecode.swift; path = CharacterDescriptionTableViewCell.swift; sourceTree = "<group>"; };
		110CF6B72832422100429663 /* CharacterBibliographyTableViewCell.swift */ = {isa = PBXFileReference; lastKnownFileType = sourcecode.swift; path = CharacterBibliographyTableViewCell.swift; sourceTree = "<group>"; };
		11179AA4283109AE001580C0 /* CharactersHomeTabBar.swift */ = {isa = PBXFileReference; lastKnownFileType = sourcecode.swift; path = CharactersHomeTabBar.swift; sourceTree = "<group>"; };
		11179AA6283109BC001580C0 /* CharactersHomeTabBar.storyboard */ = {isa = PBXFileReference; lastKnownFileType = file.storyboard; path = CharactersHomeTabBar.storyboard; sourceTree = "<group>"; };
		11179AA828310A23001580C0 /* CharactersHomeTabBarAssembly.swift */ = {isa = PBXFileReference; lastKnownFileType = sourcecode.swift; path = CharactersHomeTabBarAssembly.swift; sourceTree = "<group>"; };
		11179AB22831181D001580C0 /* CharacterDetailsViewController.swift */ = {isa = PBXFileReference; lastKnownFileType = sourcecode.swift; path = CharacterDetailsViewController.swift; sourceTree = "<group>"; };
		11179AB42831182A001580C0 /* CharacterDetailsViewController.storyboard */ = {isa = PBXFileReference; lastKnownFileType = file.storyboard; path = CharacterDetailsViewController.storyboard; sourceTree = "<group>"; };
		11179AB628311844001580C0 /* CharacterDetailsAssembly.swift */ = {isa = PBXFileReference; lastKnownFileType = sourcecode.swift; path = CharacterDetailsAssembly.swift; sourceTree = "<group>"; };
		111DC5B8297EF809001C0E56 /* NumberOfItems.swift */ = {isa = PBXFileReference; lastKnownFileType = sourcecode.swift; path = NumberOfItems.swift; sourceTree = "<group>"; };
		112E300C28970C05000B8921 /* StringExt.swift */ = {isa = PBXFileReference; lastKnownFileType = sourcecode.swift; path = StringExt.swift; sourceTree = "<group>"; };
		112E301128970DD0000B8921 /* en */ = {isa = PBXFileReference; lastKnownFileType = text.plist.strings; name = en; path = en.lproj/Localizable.strings; sourceTree = "<group>"; };
		112E301328970E32000B8921 /* fr */ = {isa = PBXFileReference; lastKnownFileType = text.plist.strings; name = fr; path = fr.lproj/LaunchScreen.strings; sourceTree = "<group>"; };
		112E301428970E32000B8921 /* fr */ = {isa = PBXFileReference; lastKnownFileType = text.plist.strings; name = fr; path = fr.lproj/Localizable.strings; sourceTree = "<group>"; };
		116A4818298E75AB006D14D2 /* FavoriteCharsTableViewCell.swift */ = {isa = PBXFileReference; lastKnownFileType = sourcecode.swift; path = FavoriteCharsTableViewCell.swift; sourceTree = "<group>"; };
		1191D26D2983CEE30018F2C4 /* FavoriteCharsViewController.storyboard */ = {isa = PBXFileReference; lastKnownFileType = file.storyboard; path = FavoriteCharsViewController.storyboard; sourceTree = "<group>"; };
		11948D3C298BDE9B00FEB156 /* CharactersDataModel.xcdatamodel */ = {isa = PBXFileReference; lastKnownFileType = wrapper.xcdatamodel; path = CharactersDataModel.xcdatamodel; sourceTree = "<group>"; };
		119524C52843BE6500D2EF7D /* CharacterDetailsPresenterImpl.swift */ = {isa = PBXFileReference; lastKnownFileType = sourcecode.swift; path = CharacterDetailsPresenterImpl.swift; sourceTree = "<group>"; };
		119524C72843C3C500D2EF7D /* CharacterDetailsRouterImpl.swift */ = {isa = PBXFileReference; lastKnownFileType = sourcecode.swift; path = CharacterDetailsRouterImpl.swift; sourceTree = "<group>"; };
		119524C92843C61C00D2EF7D /* CharacterDetailsInteractorImpl.swift */ = {isa = PBXFileReference; lastKnownFileType = sourcecode.swift; path = CharacterDetailsInteractorImpl.swift; sourceTree = "<group>"; };
		1196E94D284D05A10000AC2A /* CharacterDetailsProviderImpl.swift */ = {isa = PBXFileReference; lastKnownFileType = sourcecode.swift; path = CharacterDetailsProviderImpl.swift; sourceTree = "<group>"; };
		119BD2FC282C023F009C474B /* MarvelVIPER.app */ = {isa = PBXFileReference; explicitFileType = wrapper.application; includeInIndex = 0; path = MarvelVIPER.app; sourceTree = BUILT_PRODUCTS_DIR; };
		119BD2FF282C023F009C474B /* AppDelegate.swift */ = {isa = PBXFileReference; lastKnownFileType = sourcecode.swift; path = AppDelegate.swift; sourceTree = "<group>"; };
		119BD308282C0244009C474B /* Assets.xcassets */ = {isa = PBXFileReference; lastKnownFileType = folder.assetcatalog; path = Assets.xcassets; sourceTree = "<group>"; };
		119BD30B282C0244009C474B /* Base */ = {isa = PBXFileReference; lastKnownFileType = file.storyboard; name = Base; path = Base.lproj/LaunchScreen.storyboard; sourceTree = "<group>"; };
		119BD30D282C0244009C474B /* Info.plist */ = {isa = PBXFileReference; lastKnownFileType = text.plist.xml; path = Info.plist; sourceTree = "<group>"; };
		119BD312282C0245009C474B /* MarvelVIPERTests.xctest */ = {isa = PBXFileReference; explicitFileType = wrapper.cfbundle; includeInIndex = 0; path = MarvelVIPERTests.xctest; sourceTree = BUILT_PRODUCTS_DIR; };
		119BD316282C0245009C474B /* MarvelVIPERTests.swift */ = {isa = PBXFileReference; lastKnownFileType = sourcecode.swift; path = MarvelVIPERTests.swift; sourceTree = "<group>"; };
		119BD31C282C0245009C474B /* MarvelVIPERUITests.xctest */ = {isa = PBXFileReference; explicitFileType = wrapper.cfbundle; includeInIndex = 0; path = MarvelVIPERUITests.xctest; sourceTree = BUILT_PRODUCTS_DIR; };
		119BD320282C0245009C474B /* MarvelVIPERUITests.swift */ = {isa = PBXFileReference; lastKnownFileType = sourcecode.swift; path = MarvelVIPERUITests.swift; sourceTree = "<group>"; };
		119BD322282C0245009C474B /* MarvelVIPERUITestsLaunchTests.swift */ = {isa = PBXFileReference; lastKnownFileType = sourcecode.swift; path = MarvelVIPERUITestsLaunchTests.swift; sourceTree = "<group>"; };
		119BD32F282C079F009C474B /* SensitiveData.swift */ = {isa = PBXFileReference; lastKnownFileType = sourcecode.swift; name = SensitiveData.swift; path = MarvelVIPER/SensitiveData.swift; sourceTree = "<group>"; };
		119BD337282C0E4C009C474B /* UIViewControllerExt.swift */ = {isa = PBXFileReference; lastKnownFileType = sourcecode.swift; path = UIViewControllerExt.swift; sourceTree = "<group>"; };
		119BD33A282C1B10009C474B /* AppAssembly.swift */ = {isa = PBXFileReference; lastKnownFileType = sourcecode.swift; path = AppAssembly.swift; sourceTree = "<group>"; };
		119BD33E282C1BE8009C474B /* MarvelCollectionAssembly.swift */ = {isa = PBXFileReference; lastKnownFileType = sourcecode.swift; path = MarvelCollectionAssembly.swift; sourceTree = "<group>"; };
		119BD341282C1FA8009C474B /* BaseVIPER.swift */ = {isa = PBXFileReference; lastKnownFileType = sourcecode.swift; path = BaseVIPER.swift; sourceTree = "<group>"; };
		119BD344282C21D4009C474B /* MarvelCharactersListViewController.swift */ = {isa = PBXFileReference; lastKnownFileType = sourcecode.swift; path = MarvelCharactersListViewController.swift; sourceTree = "<group>"; };
		119BD346282C21E4009C474B /* MarvelCharactersListViewController.storyboard */ = {isa = PBXFileReference; lastKnownFileType = file.storyboard; path = MarvelCharactersListViewController.storyboard; sourceTree = "<group>"; };
		11B278F129955C83005646BD /* FavoriteCharDetailsTableViewController.swift */ = {isa = PBXFileReference; lastKnownFileType = sourcecode.swift; path = FavoriteCharDetailsTableViewController.swift; sourceTree = "<group>"; };
		11B278F329955C9A005646BD /* FavoriteCharDetailsTableViewController.storyboard */ = {isa = PBXFileReference; lastKnownFileType = file.storyboard; path = FavoriteCharDetailsTableViewController.storyboard; sourceTree = "<group>"; };
		11B278F729956009005646BD /* FavoriteCharDetailsAssembly.swift */ = {isa = PBXFileReference; lastKnownFileType = sourcecode.swift; path = FavoriteCharDetailsAssembly.swift; sourceTree = "<group>"; };
		11B631F92850B8E700BF67EE /* kConstantKeyStrings.swift */ = {isa = PBXFileReference; lastKnownFileType = sourcecode.swift; path = kConstantKeyStrings.swift; sourceTree = "<group>"; };
		11B94848282E69E400655D09 /* MarvelCharactersListPresenterImpl.swift */ = {isa = PBXFileReference; lastKnownFileType = sourcecode.swift; path = MarvelCharactersListPresenterImpl.swift; sourceTree = "<group>"; };
		11B9484A282E6AFB00655D09 /* MarvelCharactersListRouterImpl.swift */ = {isa = PBXFileReference; lastKnownFileType = sourcecode.swift; path = MarvelCharactersListRouterImpl.swift; sourceTree = "<group>"; };
		11B9484F282EA4E700655D09 /* RequestManager.swift */ = {isa = PBXFileReference; lastKnownFileType = sourcecode.swift; path = RequestManager.swift; sourceTree = "<group>"; };
		11B94852282EA77700655D09 /* Utils.swift */ = {isa = PBXFileReference; lastKnownFileType = sourcecode.swift; path = Utils.swift; sourceTree = "<group>"; };
		11B94854282EC91900655D09 /* MarvelCharactersListProviderImpl.swift */ = {isa = PBXFileReference; lastKnownFileType = sourcecode.swift; path = MarvelCharactersListProviderImpl.swift; sourceTree = "<group>"; };
		11B94857282ECC8200655D09 /* MarvelCharacterModel.swift */ = {isa = PBXFileReference; lastKnownFileType = sourcecode.swift; path = MarvelCharacterModel.swift; sourceTree = "<group>"; };
		11BDCB6F2992426E0089D61B /* FavoriteMarvelCharsListPresenter.swift */ = {isa = PBXFileReference; lastKnownFileType = sourcecode.swift; path = FavoriteMarvelCharsListPresenter.swift; sourceTree = "<group>"; };
		11BDCB72299245220089D61B /* FavoriteCharsListRouter.swift */ = {isa = PBXFileReference; lastKnownFileType = sourcecode.swift; path = FavoriteCharsListRouter.swift; sourceTree = "<group>"; };
		11BDCB752992B5910089D61B /* FavoriteMarvelCharactersListInteractor.swift */ = {isa = PBXFileReference; lastKnownFileType = sourcecode.swift; path = FavoriteMarvelCharactersListInteractor.swift; sourceTree = "<group>"; };
		11BDCB782992C6F10089D61B /* FavoriteCharsListProvider.swift */ = {isa = PBXFileReference; lastKnownFileType = sourcecode.swift; path = FavoriteCharsListProvider.swift; sourceTree = "<group>"; };
		11C2B4CC29963C32004DC1BF /* FavoriteCharDetailsPresenter.swift */ = {isa = PBXFileReference; lastKnownFileType = sourcecode.swift; path = FavoriteCharDetailsPresenter.swift; sourceTree = "<group>"; };
		11D383F7282FB13A0082C8E6 /* MarvelCharactersListInteractorImpl.swift */ = {isa = PBXFileReference; lastKnownFileType = sourcecode.swift; path = MarvelCharactersListInteractorImpl.swift; sourceTree = "<group>"; };
		11D383FA282FC82E0082C8E6 /* CharactersListViewModel.swift */ = {isa = PBXFileReference; lastKnownFileType = sourcecode.swift; path = CharactersListViewModel.swift; sourceTree = "<group>"; };
		11D383FC283010220082C8E6 /* MarvelCharacterCollectionViewCell.swift */ = {isa = PBXFileReference; lastKnownFileType = sourcecode.swift; path = MarvelCharacterCollectionViewCell.swift; sourceTree = "<group>"; };
		11D383FE28303AB30082C8E6 /* UIImageViewExt.swift */ = {isa = PBXFileReference; lastKnownFileType = sourcecode.swift; path = UIImageViewExt.swift; sourceTree = "<group>"; };
		11DDAE1A29828D90005B4EA2 /* FavoriteCharsViewAssembly.swift */ = {isa = PBXFileReference; lastKnownFileType = sourcecode.swift; path = FavoriteCharsViewAssembly.swift; sourceTree = "<group>"; };
		11DDAE1C29828E35005B4EA2 /* FavoriteCharsViewController.swift */ = {isa = PBXFileReference; lastKnownFileType = sourcecode.swift; path = FavoriteCharsViewController.swift; sourceTree = "<group>"; };
		11FAC8042996570E00F2DCC4 /* FavoriteCharDetailsRouter.swift */ = {isa = PBXFileReference; lastKnownFileType = sourcecode.swift; path = FavoriteCharDetailsRouter.swift; sourceTree = "<group>"; };
		11FAC8072996599D00F2DCC4 /* FavoriteCharDetailsInteractor.swift */ = {isa = PBXFileReference; lastKnownFileType = sourcecode.swift; path = FavoriteCharDetailsInteractor.swift; sourceTree = "<group>"; };
		11FAC80929965BE100F2DCC4 /* FavoriteCharDetailsProvider.swift */ = {isa = PBXFileReference; lastKnownFileType = sourcecode.swift; path = FavoriteCharDetailsProvider.swift; sourceTree = "<group>"; };
		11FAC80D2996738100F2DCC4 /* FavCharImgTableViewCell.swift */ = {isa = PBXFileReference; lastKnownFileType = sourcecode.swift; path = FavCharImgTableViewCell.swift; sourceTree = "<group>"; };
		11FAC80F2996A37C00F2DCC4 /* FavCharDescriptionTableViewCell.swift */ = {isa = PBXFileReference; lastKnownFileType = sourcecode.swift; path = FavCharDescriptionTableViewCell.swift; sourceTree = "<group>"; };
		11FAC8112996AB4E00F2DCC4 /* FavCharBibliographyTableViewCell.swift */ = {isa = PBXFileReference; lastKnownFileType = sourcecode.swift; path = FavCharBibliographyTableViewCell.swift; sourceTree = "<group>"; };
		11FAC8132996B28F00F2DCC4 /* FavCharObservationsTableViewCell.swift */ = {isa = PBXFileReference; lastKnownFileType = sourcecode.swift; path = FavCharObservationsTableViewCell.swift; sourceTree = "<group>"; };
/* End PBXFileReference section */

/* Begin PBXFrameworksBuildPhase section */
		119BD2F9282C023F009C474B /* Frameworks */ = {
			isa = PBXFrameworksBuildPhase;
			buildActionMask = 2147483647;
			files = (
			);
			runOnlyForDeploymentPostprocessing = 0;
		};
		119BD30F282C0245009C474B /* Frameworks */ = {
			isa = PBXFrameworksBuildPhase;
			buildActionMask = 2147483647;
			files = (
			);
			runOnlyForDeploymentPostprocessing = 0;
		};
		119BD319282C0245009C474B /* Frameworks */ = {
			isa = PBXFrameworksBuildPhase;
			buildActionMask = 2147483647;
			files = (
			);
			runOnlyForDeploymentPostprocessing = 0;
		};
/* End PBXFrameworksBuildPhase section */

/* Begin PBXGroup section */
		110632B2298FCF6500F7DCEA /* FavoriteCharDetails */ = {
			isa = PBXGroup;
			children = (
				11B278F629955FE5005646BD /* Infrastructure */,
				11B278F529955CEC005646BD /* ViewController */,
				11C2B4CB29963C0F004DC1BF /* Presenter */,
				11FAC803299656EE00F2DCC4 /* Router */,
			);
			path = FavoriteCharDetails;
			sourceTree = "<group>";
		};
		110CF6B22832403000429663 /* TableCells */ = {
			isa = PBXGroup;
			children = (
				110CF6B32832405500429663 /* CharacterImageTableViewCell.swift */,
				110CF6B5283241D900429663 /* CharacterDescriptionTableViewCell.swift */,
				110CF6B72832422100429663 /* CharacterBibliographyTableViewCell.swift */,
			);
			path = TableCells;
			sourceTree = "<group>";
		};
		11179AA328310978001580C0 /* TabBarBuilder */ = {
			isa = PBXGroup;
			children = (
				11179AA828310A23001580C0 /* CharactersHomeTabBarAssembly.swift */,
				11179AA4283109AE001580C0 /* CharactersHomeTabBar.swift */,
				11179AA6283109BC001580C0 /* CharactersHomeTabBar.storyboard */,
			);
			path = TabBarBuilder;
			sourceTree = "<group>";
		};
		11179AAA28310F9E001580C0 /* FavoriteCharsTabBar */ = {
			isa = PBXGroup;
			children = (
				116A4816298E7530006D14D2 /* Infrastructure */,
				116A4817298E7553006D14D2 /* ViewController */,
				11BDCB6E299242350089D61B /* Presenter */,
				11BDCB742992B5740089D61B /* Interactor */,
				11BDCB71299245030089D61B /* Router */,
				110632B2298FCF6500F7DCEA /* FavoriteCharDetails */,
				11FAC8062996598400F2DCC4 /* Interactor */,
			);
			path = FavoriteCharsTabBar;
			sourceTree = "<group>";
		};
		11179AB1283117F3001580C0 /* CharacterDetails */ = {
			isa = PBXGroup;
			children = (
				118D2EF02831833A00B76F93 /* Infrastructure */,
				118D2EF12831836100B76F93 /* ViewController */,
				1196E94F284D06120000AC2A /* Presenter */,
				1196E950284D064D0000AC2A /* Interactor */,
				1196E951284D066F0000AC2A /* Router */,
			);
			path = CharacterDetails;
			sourceTree = "<group>";
		};
		1120DAA2286EFFB500D01BBA /* View */ = {
			isa = PBXGroup;
			children = (
				11179AB22831181D001580C0 /* CharacterDetailsViewController.swift */,
				11179AB42831182A001580C0 /* CharacterDetailsViewController.storyboard */,
			);
			path = View;
			sourceTree = "<group>";
		};
		116A4816298E7530006D14D2 /* Infrastructure */ = {
			isa = PBXGroup;
			children = (
				11DDAE1A29828D90005B4EA2 /* FavoriteCharsViewAssembly.swift */,
				11BDCB782992C6F10089D61B /* FavoriteCharsListProvider.swift */,
			);
			path = Infrastructure;
			sourceTree = "<group>";
		};
		116A4817298E7553006D14D2 /* ViewController */ = {
			isa = PBXGroup;
			children = (
				1191D26D2983CEE30018F2C4 /* FavoriteCharsViewController.storyboard */,
				11DDAE1C29828E35005B4EA2 /* FavoriteCharsViewController.swift */,
				116A4818298E75AB006D14D2 /* FavoriteCharsTableViewCell.swift */,
			);
			path = ViewController;
			sourceTree = "<group>";
		};
		118D2EF02831833A00B76F93 /* Infrastructure */ = {
			isa = PBXGroup;
			children = (
				11179AB628311844001580C0 /* CharacterDetailsAssembly.swift */,
				1196E94D284D05A10000AC2A /* CharacterDetailsProviderImpl.swift */,
			);
			path = Infrastructure;
			sourceTree = "<group>";
		};
		118D2EF12831836100B76F93 /* ViewController */ = {
			isa = PBXGroup;
			children = (
				1120DAA2286EFFB500D01BBA /* View */,
				110CF6B22832403000429663 /* TableCells */,
				11B631F82850B8C300BF67EE /* TextConstants */,
			);
			path = ViewController;
			sourceTree = "<group>";
		};
		1196E94F284D06120000AC2A /* Presenter */ = {
			isa = PBXGroup;
			children = (
				119524C52843BE6500D2EF7D /* CharacterDetailsPresenterImpl.swift */,
			);
			path = Presenter;
			sourceTree = "<group>";
		};
		1196E950284D064D0000AC2A /* Interactor */ = {
			isa = PBXGroup;
			children = (
				119524C92843C61C00D2EF7D /* CharacterDetailsInteractorImpl.swift */,
			);
			path = Interactor;
			sourceTree = "<group>";
		};
		1196E951284D066F0000AC2A /* Router */ = {
			isa = PBXGroup;
			children = (
				119524C72843C3C500D2EF7D /* CharacterDetailsRouterImpl.swift */,
			);
			path = Router;
			sourceTree = "<group>";
		};
		119BD2F3282C023F009C474B = {
			isa = PBXGroup;
			children = (
				119BD32F282C079F009C474B /* SensitiveData.swift */,
				119BD2FE282C023F009C474B /* MarvelVIPER */,
				119BD315282C0245009C474B /* MarvelVIPERTests */,
				119BD31F282C0245009C474B /* MarvelVIPERUITests */,
				119BD2FD282C023F009C474B /* Products */,
			);
			sourceTree = "<group>";
		};
		119BD2FD282C023F009C474B /* Products */ = {
			isa = PBXGroup;
			children = (
				119BD2FC282C023F009C474B /* MarvelVIPER.app */,
				119BD312282C0245009C474B /* MarvelVIPERTests.xctest */,
				119BD31C282C0245009C474B /* MarvelVIPERUITests.xctest */,
			);
			name = Products;
			sourceTree = "<group>";
		};
		119BD2FE282C023F009C474B /* MarvelVIPER */ = {
			isa = PBXGroup;
			children = (
				119BD336282C0E14009C474B /* Extensions */,
				11B94851282EA76400655D09 /* Utils */,
				119BD340282C1F98009C474B /* BaseVIPER */,
				119BD339282C1AF9009C474B /* Core */,
				11B9484E282EA4C200655D09 /* Managers */,
				119BD331282C0D89009C474B /* Modules */,
				11B94856282ECBD500655D09 /* EntitiesOrModels */,
				119BD308282C0244009C474B /* Assets.xcassets */,
				119BD30A282C0244009C474B /* LaunchScreen.storyboard */,
				119BD30D282C0244009C474B /* Info.plist */,
				119BD2FF282C023F009C474B /* AppDelegate.swift */,
				112E301228970DD0000B8921 /* Localizable.strings */,
			);
			path = MarvelVIPER;
			sourceTree = "<group>";
		};
		119BD315282C0245009C474B /* MarvelVIPERTests */ = {
			isa = PBXGroup;
			children = (
				119BD316282C0245009C474B /* MarvelVIPERTests.swift */,
			);
			path = MarvelVIPERTests;
			sourceTree = "<group>";
		};
		119BD31F282C0245009C474B /* MarvelVIPERUITests */ = {
			isa = PBXGroup;
			children = (
				119BD320282C0245009C474B /* MarvelVIPERUITests.swift */,
				119BD322282C0245009C474B /* MarvelVIPERUITestsLaunchTests.swift */,
			);
			path = MarvelVIPERUITests;
			sourceTree = "<group>";
		};
		119BD331282C0D89009C474B /* Modules */ = {
			isa = PBXGroup;
			children = (
				11179AA328310978001580C0 /* TabBarBuilder */,
				119BD33C282C1B97009C474B /* CharactersList */,
				11179AB1283117F3001580C0 /* CharacterDetails */,
				11179AAA28310F9E001580C0 /* FavoriteCharsTabBar */,
			);
			path = Modules;
			sourceTree = "<group>";
		};
		119BD336282C0E14009C474B /* Extensions */ = {
			isa = PBXGroup;
			children = (
				119BD337282C0E4C009C474B /* UIViewControllerExt.swift */,
				11D383FE28303AB30082C8E6 /* UIImageViewExt.swift */,
				112E300C28970C05000B8921 /* StringExt.swift */,
			);
			path = Extensions;
			sourceTree = "<group>";
		};
		119BD339282C1AF9009C474B /* Core */ = {
			isa = PBXGroup;
			children = (
				119BD33A282C1B10009C474B /* AppAssembly.swift */,
			);
			path = Core;
			sourceTree = "<group>";
		};
		119BD33C282C1B97009C474B /* CharactersList */ = {
			isa = PBXGroup;
			children = (
				11D383F9282FC81B0082C8E6 /* ServerModel */,
				119BD33D282C1BC2009C474B /* Infrastructure */,
				119BD343282C218C009C474B /* ViewController */,
				11D3E6D728304580001F6CEA /* Presenter */,
				11D3E6D928304597001F6CEA /* Interactor */,
				11D3E6D82830458B001F6CEA /* Router */,
			);
			path = CharactersList;
			sourceTree = "<group>";
		};
		119BD33D282C1BC2009C474B /* Infrastructure */ = {
			isa = PBXGroup;
			children = (
				119BD33E282C1BE8009C474B /* MarvelCollectionAssembly.swift */,
				11B94854282EC91900655D09 /* MarvelCharactersListProviderImpl.swift */,
			);
			path = Infrastructure;
			sourceTree = "<group>";
		};
		119BD340282C1F98009C474B /* BaseVIPER */ = {
			isa = PBXGroup;
			children = (
				119BD341282C1FA8009C474B /* BaseVIPER.swift */,
			);
			path = BaseVIPER;
			sourceTree = "<group>";
		};
		119BD343282C218C009C474B /* ViewController */ = {
			isa = PBXGroup;
			children = (
				119BD344282C21D4009C474B /* MarvelCharactersListViewController.swift */,
				119BD346282C21E4009C474B /* MarvelCharactersListViewController.storyboard */,
				11D383FC283010220082C8E6 /* MarvelCharacterCollectionViewCell.swift */,
			);
			path = ViewController;
			sourceTree = "<group>";
		};
		11B278F529955CEC005646BD /* ViewController */ = {
			isa = PBXGroup;
			children = (
				11FAC80C2996733300F2DCC4 /* Views */,
				11FAC80B2996732400F2DCC4 /* TableCells */,
			);
			path = ViewController;
			sourceTree = "<group>";
		};
		11B278F629955FE5005646BD /* Infrastructure */ = {
			isa = PBXGroup;
			children = (
				11B278F729956009005646BD /* FavoriteCharDetailsAssembly.swift */,
				11FAC80929965BE100F2DCC4 /* FavoriteCharDetailsProvider.swift */,
			);
			path = Infrastructure;
			sourceTree = "<group>";
		};
		11B631F82850B8C300BF67EE /* TextConstants */ = {
			isa = PBXGroup;
			children = (
				11B631F92850B8E700BF67EE /* kConstantKeyStrings.swift */,
			);
			path = TextConstants;
			sourceTree = "<group>";
		};
		11B9484E282EA4C200655D09 /* Managers */ = {
			isa = PBXGroup;
			children = (
				11B9484F282EA4E700655D09 /* RequestManager.swift */,
			);
			path = Managers;
			sourceTree = "<group>";
		};
		11B94851282EA76400655D09 /* Utils */ = {
			isa = PBXGroup;
			children = (
				11B94852282EA77700655D09 /* Utils.swift */,
				111DC5B8297EF809001C0E56 /* NumberOfItems.swift */,
			);
			path = Utils;
			sourceTree = "<group>";
		};
		11B94856282ECBD500655D09 /* EntitiesOrModels */ = {
			isa = PBXGroup;
			children = (
				11948D3B298BDE9B00FEB156 /* CharactersDataModel.xcdatamodeld */,
				11B94857282ECC8200655D09 /* MarvelCharacterModel.swift */,
			);
			path = EntitiesOrModels;
			sourceTree = "<group>";
		};
		11BDCB6E299242350089D61B /* Presenter */ = {
			isa = PBXGroup;
			children = (
				11BDCB6F2992426E0089D61B /* FavoriteMarvelCharsListPresenter.swift */,
			);
			path = Presenter;
			sourceTree = "<group>";
		};
		11BDCB71299245030089D61B /* Router */ = {
			isa = PBXGroup;
			children = (
				11BDCB72299245220089D61B /* FavoriteCharsListRouter.swift */,
			);
			path = Router;
			sourceTree = "<group>";
		};
		11BDCB742992B5740089D61B /* Interactor */ = {
			isa = PBXGroup;
			children = (
				11BDCB752992B5910089D61B /* FavoriteMarvelCharactersListInteractor.swift */,
			);
			path = Interactor;
			sourceTree = "<group>";
		};
		11C2B4CB29963C0F004DC1BF /* Presenter */ = {
			isa = PBXGroup;
			children = (
				11C2B4CC29963C32004DC1BF /* FavoriteCharDetailsPresenter.swift */,
			);
			path = Presenter;
			sourceTree = "<group>";
		};
		11D383F9282FC81B0082C8E6 /* ServerModel */ = {
			isa = PBXGroup;
			children = (
				11D383FA282FC82E0082C8E6 /* CharactersListViewModel.swift */,
			);
			path = ServerModel;
			sourceTree = "<group>";
		};
		11D3E6D728304580001F6CEA /* Presenter */ = {
			isa = PBXGroup;
			children = (
				11B94848282E69E400655D09 /* MarvelCharactersListPresenterImpl.swift */,
			);
			path = Presenter;
			sourceTree = "<group>";
		};
		11D3E6D82830458B001F6CEA /* Router */ = {
			isa = PBXGroup;
			children = (
				11B9484A282E6AFB00655D09 /* MarvelCharactersListRouterImpl.swift */,
			);
			path = Router;
			sourceTree = "<group>";
		};
		11D3E6D928304597001F6CEA /* Interactor */ = {
			isa = PBXGroup;
			children = (
				11D383F7282FB13A0082C8E6 /* MarvelCharactersListInteractorImpl.swift */,
			);
			path = Interactor;
			sourceTree = "<group>";
		};
		11FAC803299656EE00F2DCC4 /* Router */ = {
			isa = PBXGroup;
			children = (
				11FAC8042996570E00F2DCC4 /* FavoriteCharDetailsRouter.swift */,
			);
			path = Router;
			sourceTree = "<group>";
		};
		11FAC8062996598400F2DCC4 /* Interactor */ = {
			isa = PBXGroup;
			children = (
				11FAC8072996599D00F2DCC4 /* FavoriteCharDetailsInteractor.swift */,
			);
			name = Interactor;
			path = FavoriteCharDetails/Interactor;
			sourceTree = "<group>";
		};
		11FAC80B2996732400F2DCC4 /* TableCells */ = {
			isa = PBXGroup;
			children = (
				11FAC80D2996738100F2DCC4 /* FavCharImgTableViewCell.swift */,
				11FAC80F2996A37C00F2DCC4 /* FavCharDescriptionTableViewCell.swift */,
				11FAC8112996AB4E00F2DCC4 /* FavCharBibliographyTableViewCell.swift */,
				11FAC8132996B28F00F2DCC4 /* FavCharObservationsTableViewCell.swift */,
			);
			path = TableCells;
			sourceTree = "<group>";
		};
		11FAC80C2996733300F2DCC4 /* Views */ = {
			isa = PBXGroup;
			children = (
				11B278F129955C83005646BD /* FavoriteCharDetailsTableViewController.swift */,
				11B278F329955C9A005646BD /* FavoriteCharDetailsTableViewController.storyboard */,
			);
			path = Views;
			sourceTree = "<group>";
		};
/* End PBXGroup section */

/* Begin PBXNativeTarget section */
		119BD2FB282C023F009C474B /* MarvelVIPER */ = {
			isa = PBXNativeTarget;
			buildConfigurationList = 119BD326282C0245009C474B /* Build configuration list for PBXNativeTarget "MarvelVIPER" */;
			buildPhases = (
				119BD2F8282C023F009C474B /* Sources */,
				119BD2F9282C023F009C474B /* Frameworks */,
				119BD2FA282C023F009C474B /* Resources */,
			);
			buildRules = (
			);
			dependencies = (
			);
			name = MarvelVIPER;
			productName = MarvelVIPER;
			productReference = 119BD2FC282C023F009C474B /* MarvelVIPER.app */;
			productType = "com.apple.product-type.application";
		};
		119BD311282C0245009C474B /* MarvelVIPERTests */ = {
			isa = PBXNativeTarget;
			buildConfigurationList = 119BD329282C0245009C474B /* Build configuration list for PBXNativeTarget "MarvelVIPERTests" */;
			buildPhases = (
				119BD30E282C0245009C474B /* Sources */,
				119BD30F282C0245009C474B /* Frameworks */,
				119BD310282C0245009C474B /* Resources */,
			);
			buildRules = (
			);
			dependencies = (
				119BD314282C0245009C474B /* PBXTargetDependency */,
			);
			name = MarvelVIPERTests;
			productName = MarvelVIPERTests;
			productReference = 119BD312282C0245009C474B /* MarvelVIPERTests.xctest */;
			productType = "com.apple.product-type.bundle.unit-test";
		};
		119BD31B282C0245009C474B /* MarvelVIPERUITests */ = {
			isa = PBXNativeTarget;
			buildConfigurationList = 119BD32C282C0245009C474B /* Build configuration list for PBXNativeTarget "MarvelVIPERUITests" */;
			buildPhases = (
				119BD318282C0245009C474B /* Sources */,
				119BD319282C0245009C474B /* Frameworks */,
				119BD31A282C0245009C474B /* Resources */,
			);
			buildRules = (
			);
			dependencies = (
				119BD31E282C0245009C474B /* PBXTargetDependency */,
			);
			name = MarvelVIPERUITests;
			productName = MarvelVIPERUITests;
			productReference = 119BD31C282C0245009C474B /* MarvelVIPERUITests.xctest */;
			productType = "com.apple.product-type.bundle.ui-testing";
		};
/* End PBXNativeTarget section */

/* Begin PBXProject section */
		119BD2F4282C023F009C474B /* Project object */ = {
			isa = PBXProject;
			attributes = {
				BuildIndependentTargetsInParallel = 1;
				LastSwiftUpdateCheck = 1330;
				LastUpgradeCheck = 1330;
				TargetAttributes = {
					119BD2FB282C023F009C474B = {
						CreatedOnToolsVersion = 13.3.1;
					};
					119BD311282C0245009C474B = {
						CreatedOnToolsVersion = 13.3.1;
						TestTargetID = 119BD2FB282C023F009C474B;
					};
					119BD31B282C0245009C474B = {
						CreatedOnToolsVersion = 13.3.1;
						TestTargetID = 119BD2FB282C023F009C474B;
					};
				};
			};
			buildConfigurationList = 119BD2F7282C023F009C474B /* Build configuration list for PBXProject "MarvelVIPER" */;
			compatibilityVersion = "Xcode 13.0";
			developmentRegion = en;
			hasScannedForEncodings = 0;
			knownRegions = (
				en,
				Base,
				fr,
			);
			mainGroup = 119BD2F3282C023F009C474B;
			productRefGroup = 119BD2FD282C023F009C474B /* Products */;
			projectDirPath = "";
			projectRoot = "";
			targets = (
				119BD2FB282C023F009C474B /* MarvelVIPER */,
				119BD311282C0245009C474B /* MarvelVIPERTests */,
				119BD31B282C0245009C474B /* MarvelVIPERUITests */,
			);
		};
/* End PBXProject section */

/* Begin PBXResourcesBuildPhase section */
		119BD2FA282C023F009C474B /* Resources */ = {
			isa = PBXResourcesBuildPhase;
			buildActionMask = 2147483647;
			files = (
				119BD30C282C0244009C474B /* LaunchScreen.storyboard in Resources */,
				1191D26E2983CEE30018F2C4 /* FavoriteCharsViewController.storyboard in Resources */,
				119BD347282C21E4009C474B /* MarvelCharactersListViewController.storyboard in Resources */,
				11B278F429955C9A005646BD /* FavoriteCharDetailsTableViewController.storyboard in Resources */,
				11179AB52831182A001580C0 /* CharacterDetailsViewController.storyboard in Resources */,
				112E301028970DD0000B8921 /* Localizable.strings in Resources */,
				119BD309282C0244009C474B /* Assets.xcassets in Resources */,
				11179AA7283109BC001580C0 /* CharactersHomeTabBar.storyboard in Resources */,
			);
			runOnlyForDeploymentPostprocessing = 0;
		};
		119BD310282C0245009C474B /* Resources */ = {
			isa = PBXResourcesBuildPhase;
			buildActionMask = 2147483647;
			files = (
			);
			runOnlyForDeploymentPostprocessing = 0;
		};
		119BD31A282C0245009C474B /* Resources */ = {
			isa = PBXResourcesBuildPhase;
			buildActionMask = 2147483647;
			files = (
			);
			runOnlyForDeploymentPostprocessing = 0;
		};
/* End PBXResourcesBuildPhase section */

/* Begin PBXSourcesBuildPhase section */
		119BD2F8282C023F009C474B /* Sources */ = {
			isa = PBXSourcesBuildPhase;
			buildActionMask = 2147483647;
			files = (
				119BD345282C21D4009C474B /* MarvelCharactersListViewController.swift in Sources */,
				11B94855282EC91900655D09 /* MarvelCharactersListProviderImpl.swift in Sources */,
				110CF6B6283241D900429663 /* CharacterDescriptionTableViewCell.swift in Sources */,
				119524CA2843C61C00D2EF7D /* CharacterDetailsInteractorImpl.swift in Sources */,
				119BD300282C023F009C474B /* AppDelegate.swift in Sources */,
				119BD342282C1FA8009C474B /* BaseVIPER.swift in Sources */,
				111DC5B9297EF809001C0E56 /* NumberOfItems.swift in Sources */,
				11B631FA2850B8E700BF67EE /* kConstantKeyStrings.swift in Sources */,
				110CF6B82832422100429663 /* CharacterBibliographyTableViewCell.swift in Sources */,
				119BD33B282C1B10009C474B /* AppAssembly.swift in Sources */,
				11B278F229955C83005646BD /* FavoriteCharDetailsTableViewController.swift in Sources */,
				11948D3D298BDE9B00FEB156 /* CharactersDataModel.xcdatamodeld in Sources */,
				119BD338282C0E4C009C474B /* UIViewControllerExt.swift in Sources */,
				11B94850282EA4E700655D09 /* RequestManager.swift in Sources */,
				11BDCB762992B5910089D61B /* FavoriteMarvelCharactersListInteractor.swift in Sources */,
				119BD33F282C1BE8009C474B /* MarvelCollectionAssembly.swift in Sources */,
				11179AB728311844001580C0 /* CharacterDetailsAssembly.swift in Sources */,
				11FAC80E2996738100F2DCC4 /* FavCharImgTableViewCell.swift in Sources */,
				11FAC8082996599D00F2DCC4 /* FavoriteCharDetailsInteractor.swift in Sources */,
				11DDAE1D29828E35005B4EA2 /* FavoriteCharsViewController.swift in Sources */,
				119524C62843BE6600D2EF7D /* CharacterDetailsPresenterImpl.swift in Sources */,
				11BDCB702992426E0089D61B /* FavoriteMarvelCharsListPresenter.swift in Sources */,
				11B278F829956009005646BD /* FavoriteCharDetailsAssembly.swift in Sources */,
				11B94853282EA77700655D09 /* Utils.swift in Sources */,
				11D383FB282FC82E0082C8E6 /* CharactersListViewModel.swift in Sources */,
				11FAC8052996570F00F2DCC4 /* FavoriteCharDetailsRouter.swift in Sources */,
				11BDCB792992C6F10089D61B /* FavoriteCharsListProvider.swift in Sources */,
				11FAC8122996AB4E00F2DCC4 /* FavCharBibliographyTableViewCell.swift in Sources */,
				112E300D28970C05000B8921 /* StringExt.swift in Sources */,
				11179AA928310A23001580C0 /* CharactersHomeTabBarAssembly.swift in Sources */,
				11179AA5283109AE001580C0 /* CharactersHomeTabBar.swift in Sources */,
				119524C82843C3C500D2EF7D /* CharacterDetailsRouterImpl.swift in Sources */,
				11B9484B282E6AFB00655D09 /* MarvelCharactersListRouterImpl.swift in Sources */,
				11179AB32831181D001580C0 /* CharacterDetailsViewController.swift in Sources */,
				11D383FF28303AB30082C8E6 /* UIImageViewExt.swift in Sources */,
				11FAC8102996A37C00F2DCC4 /* FavCharDescriptionTableViewCell.swift in Sources */,
				11DDAE1B29828D90005B4EA2 /* FavoriteCharsViewAssembly.swift in Sources */,
				119BD330282C079F009C474B /* SensitiveData.swift in Sources */,
				11D383F8282FB13A0082C8E6 /* MarvelCharactersListInteractorImpl.swift in Sources */,
				1196E94E284D05A10000AC2A /* CharacterDetailsProviderImpl.swift in Sources */,
				11BDCB73299245220089D61B /* FavoriteCharsListRouter.swift in Sources */,
				11D383FD283010220082C8E6 /* MarvelCharacterCollectionViewCell.swift in Sources */,
				110CF6B42832405500429663 /* CharacterImageTableViewCell.swift in Sources */,
				11FAC8142996B28F00F2DCC4 /* FavCharObservationsTableViewCell.swift in Sources */,
				11FAC80A29965BE100F2DCC4 /* FavoriteCharDetailsProvider.swift in Sources */,
				116A4819298E75AB006D14D2 /* FavoriteCharsTableViewCell.swift in Sources */,
				11C2B4CD29963C32004DC1BF /* FavoriteCharDetailsPresenter.swift in Sources */,
				11B94849282E69E400655D09 /* MarvelCharactersListPresenterImpl.swift in Sources */,
				11B94858282ECC8200655D09 /* MarvelCharacterModel.swift in Sources */,
			);
			runOnlyForDeploymentPostprocessing = 0;
		};
		119BD30E282C0245009C474B /* Sources */ = {
			isa = PBXSourcesBuildPhase;
			buildActionMask = 2147483647;
			files = (
				119BD317282C0245009C474B /* MarvelVIPERTests.swift in Sources */,
			);
			runOnlyForDeploymentPostprocessing = 0;
		};
		119BD318282C0245009C474B /* Sources */ = {
			isa = PBXSourcesBuildPhase;
			buildActionMask = 2147483647;
			files = (
				119BD323282C0245009C474B /* MarvelVIPERUITestsLaunchTests.swift in Sources */,
				119BD321282C0245009C474B /* MarvelVIPERUITests.swift in Sources */,
			);
			runOnlyForDeploymentPostprocessing = 0;
		};
/* End PBXSourcesBuildPhase section */

/* Begin PBXTargetDependency section */
		119BD314282C0245009C474B /* PBXTargetDependency */ = {
			isa = PBXTargetDependency;
			target = 119BD2FB282C023F009C474B /* MarvelVIPER */;
			targetProxy = 119BD313282C0245009C474B /* PBXContainerItemProxy */;
		};
		119BD31E282C0245009C474B /* PBXTargetDependency */ = {
			isa = PBXTargetDependency;
			target = 119BD2FB282C023F009C474B /* MarvelVIPER */;
			targetProxy = 119BD31D282C0245009C474B /* PBXContainerItemProxy */;
		};
/* End PBXTargetDependency section */

/* Begin PBXVariantGroup section */
		112E301228970DD0000B8921 /* Localizable.strings */ = {
			isa = PBXVariantGroup;
			children = (
				112E301128970DD0000B8921 /* en */,
				112E301428970E32000B8921 /* fr */,
			);
			name = Localizable.strings;
			sourceTree = "<group>";
		};
		119BD30A282C0244009C474B /* LaunchScreen.storyboard */ = {
			isa = PBXVariantGroup;
			children = (
				119BD30B282C0244009C474B /* Base */,
				112E301328970E32000B8921 /* fr */,
			);
			name = LaunchScreen.storyboard;
			sourceTree = "<group>";
		};
/* End PBXVariantGroup section */

/* Begin XCBuildConfiguration section */
		119BD324282C0245009C474B /* Debug */ = {
			isa = XCBuildConfiguration;
			buildSettings = {
				ALWAYS_SEARCH_USER_PATHS = NO;
				CLANG_ANALYZER_LOCALIZABILITY_NONLOCALIZED = YES;
				CLANG_ANALYZER_NONNULL = YES;
				CLANG_ANALYZER_NUMBER_OBJECT_CONVERSION = YES_AGGRESSIVE;
				CLANG_CXX_LANGUAGE_STANDARD = "gnu++17";
				CLANG_ENABLE_MODULES = YES;
				CLANG_ENABLE_OBJC_ARC = YES;
				CLANG_ENABLE_OBJC_WEAK = YES;
				CLANG_WARN_BLOCK_CAPTURE_AUTORELEASING = YES;
				CLANG_WARN_BOOL_CONVERSION = YES;
				CLANG_WARN_COMMA = YES;
				CLANG_WARN_CONSTANT_CONVERSION = YES;
				CLANG_WARN_DEPRECATED_OBJC_IMPLEMENTATIONS = YES;
				CLANG_WARN_DIRECT_OBJC_ISA_USAGE = YES_ERROR;
				CLANG_WARN_DOCUMENTATION_COMMENTS = YES;
				CLANG_WARN_EMPTY_BODY = YES;
				CLANG_WARN_ENUM_CONVERSION = YES;
				CLANG_WARN_INFINITE_RECURSION = YES;
				CLANG_WARN_INT_CONVERSION = YES;
				CLANG_WARN_NON_LITERAL_NULL_CONVERSION = YES;
				CLANG_WARN_OBJC_IMPLICIT_RETAIN_SELF = YES;
				CLANG_WARN_OBJC_LITERAL_CONVERSION = YES;
				CLANG_WARN_OBJC_ROOT_CLASS = YES_ERROR;
				CLANG_WARN_QUOTED_INCLUDE_IN_FRAMEWORK_HEADER = YES;
				CLANG_WARN_RANGE_LOOP_ANALYSIS = YES;
				CLANG_WARN_STRICT_PROTOTYPES = YES;
				CLANG_WARN_SUSPICIOUS_MOVE = YES;
				CLANG_WARN_UNGUARDED_AVAILABILITY = YES_AGGRESSIVE;
				CLANG_WARN_UNREACHABLE_CODE = YES;
				CLANG_WARN__DUPLICATE_METHOD_MATCH = YES;
				COPY_PHASE_STRIP = NO;
				DEBUG_INFORMATION_FORMAT = dwarf;
				ENABLE_STRICT_OBJC_MSGSEND = YES;
				ENABLE_TESTABILITY = YES;
				GCC_C_LANGUAGE_STANDARD = gnu11;
				GCC_DYNAMIC_NO_PIC = NO;
				GCC_NO_COMMON_BLOCKS = YES;
				GCC_OPTIMIZATION_LEVEL = 0;
				GCC_PREPROCESSOR_DEFINITIONS = (
					"DEBUG=1",
					"$(inherited)",
				);
				GCC_WARN_64_TO_32_BIT_CONVERSION = YES;
				GCC_WARN_ABOUT_RETURN_TYPE = YES_ERROR;
				GCC_WARN_UNDECLARED_SELECTOR = YES;
				GCC_WARN_UNINITIALIZED_AUTOS = YES_AGGRESSIVE;
				GCC_WARN_UNUSED_FUNCTION = YES;
				GCC_WARN_UNUSED_VARIABLE = YES;
				IPHONEOS_DEPLOYMENT_TARGET = 15.4;
				MTL_ENABLE_DEBUG_INFO = INCLUDE_SOURCE;
				MTL_FAST_MATH = YES;
				ONLY_ACTIVE_ARCH = YES;
				SDKROOT = iphoneos;
				SWIFT_ACTIVE_COMPILATION_CONDITIONS = DEBUG;
				SWIFT_OPTIMIZATION_LEVEL = "-Onone";
			};
			name = Debug;
		};
		119BD325282C0245009C474B /* Release */ = {
			isa = XCBuildConfiguration;
			buildSettings = {
				ALWAYS_SEARCH_USER_PATHS = NO;
				CLANG_ANALYZER_LOCALIZABILITY_NONLOCALIZED = YES;
				CLANG_ANALYZER_NONNULL = YES;
				CLANG_ANALYZER_NUMBER_OBJECT_CONVERSION = YES_AGGRESSIVE;
				CLANG_CXX_LANGUAGE_STANDARD = "gnu++17";
				CLANG_ENABLE_MODULES = YES;
				CLANG_ENABLE_OBJC_ARC = YES;
				CLANG_ENABLE_OBJC_WEAK = YES;
				CLANG_WARN_BLOCK_CAPTURE_AUTORELEASING = YES;
				CLANG_WARN_BOOL_CONVERSION = YES;
				CLANG_WARN_COMMA = YES;
				CLANG_WARN_CONSTANT_CONVERSION = YES;
				CLANG_WARN_DEPRECATED_OBJC_IMPLEMENTATIONS = YES;
				CLANG_WARN_DIRECT_OBJC_ISA_USAGE = YES_ERROR;
				CLANG_WARN_DOCUMENTATION_COMMENTS = YES;
				CLANG_WARN_EMPTY_BODY = YES;
				CLANG_WARN_ENUM_CONVERSION = YES;
				CLANG_WARN_INFINITE_RECURSION = YES;
				CLANG_WARN_INT_CONVERSION = YES;
				CLANG_WARN_NON_LITERAL_NULL_CONVERSION = YES;
				CLANG_WARN_OBJC_IMPLICIT_RETAIN_SELF = YES;
				CLANG_WARN_OBJC_LITERAL_CONVERSION = YES;
				CLANG_WARN_OBJC_ROOT_CLASS = YES_ERROR;
				CLANG_WARN_QUOTED_INCLUDE_IN_FRAMEWORK_HEADER = YES;
				CLANG_WARN_RANGE_LOOP_ANALYSIS = YES;
				CLANG_WARN_STRICT_PROTOTYPES = YES;
				CLANG_WARN_SUSPICIOUS_MOVE = YES;
				CLANG_WARN_UNGUARDED_AVAILABILITY = YES_AGGRESSIVE;
				CLANG_WARN_UNREACHABLE_CODE = YES;
				CLANG_WARN__DUPLICATE_METHOD_MATCH = YES;
				COPY_PHASE_STRIP = NO;
				DEBUG_INFORMATION_FORMAT = "dwarf-with-dsym";
				ENABLE_NS_ASSERTIONS = NO;
				ENABLE_STRICT_OBJC_MSGSEND = YES;
				GCC_C_LANGUAGE_STANDARD = gnu11;
				GCC_NO_COMMON_BLOCKS = YES;
				GCC_WARN_64_TO_32_BIT_CONVERSION = YES;
				GCC_WARN_ABOUT_RETURN_TYPE = YES_ERROR;
				GCC_WARN_UNDECLARED_SELECTOR = YES;
				GCC_WARN_UNINITIALIZED_AUTOS = YES_AGGRESSIVE;
				GCC_WARN_UNUSED_FUNCTION = YES;
				GCC_WARN_UNUSED_VARIABLE = YES;
				IPHONEOS_DEPLOYMENT_TARGET = 15.4;
				MTL_ENABLE_DEBUG_INFO = NO;
				MTL_FAST_MATH = YES;
				SDKROOT = iphoneos;
				SWIFT_COMPILATION_MODE = wholemodule;
				SWIFT_OPTIMIZATION_LEVEL = "-O";
				VALIDATE_PRODUCT = YES;
			};
			name = Release;
		};
		119BD327282C0245009C474B /* Debug */ = {
			isa = XCBuildConfiguration;
			buildSettings = {
				ASSETCATALOG_COMPILER_APPICON_NAME = AppIcon;
				ASSETCATALOG_COMPILER_GLOBAL_ACCENT_COLOR_NAME = AccentColor;
				CODE_SIGN_STYLE = Automatic;
				CURRENT_PROJECT_VERSION = 1;
				DEVELOPMENT_TEAM = 7B98K56955;
				GENERATE_INFOPLIST_FILE = YES;
				INFOPLIST_FILE = MarvelVIPER/Info.plist;
				INFOPLIST_KEY_UIApplicationSupportsIndirectInputEvents = YES;
				INFOPLIST_KEY_UILaunchStoryboardName = LaunchScreen;
				INFOPLIST_KEY_UISupportedInterfaceOrientations = UIInterfaceOrientationPortrait;
				INFOPLIST_KEY_UISupportedInterfaceOrientations_iPad = "UIInterfaceOrientationPortrait UIInterfaceOrientationPortraitUpsideDown UIInterfaceOrientationLandscapeLeft UIInterfaceOrientationLandscapeRight";
				INFOPLIST_KEY_UISupportedInterfaceOrientations_iPhone = "UIInterfaceOrientationPortrait UIInterfaceOrientationLandscapeLeft UIInterfaceOrientationLandscapeRight";
				LD_RUNPATH_SEARCH_PATHS = (
					"$(inherited)",
					"@executable_path/Frameworks",
				);
				MARKETING_VERSION = 1.0;
				PRODUCT_BUNDLE_IDENTIFIER = JorgeFuentes.MarvelVIPER;
				PRODUCT_NAME = "$(TARGET_NAME)";
				SWIFT_EMIT_LOC_STRINGS = YES;
				SWIFT_VERSION = 5.0;
				TARGETED_DEVICE_FAMILY = 1;
			};
			name = Debug;
		};
		119BD328282C0245009C474B /* Release */ = {
			isa = XCBuildConfiguration;
			buildSettings = {
				ASSETCATALOG_COMPILER_APPICON_NAME = AppIcon;
				ASSETCATALOG_COMPILER_GLOBAL_ACCENT_COLOR_NAME = AccentColor;
				CODE_SIGN_STYLE = Automatic;
				CURRENT_PROJECT_VERSION = 1;
				DEVELOPMENT_TEAM = 7B98K56955;
				GENERATE_INFOPLIST_FILE = YES;
				INFOPLIST_FILE = MarvelVIPER/Info.plist;
				INFOPLIST_KEY_UIApplicationSupportsIndirectInputEvents = YES;
				INFOPLIST_KEY_UILaunchStoryboardName = LaunchScreen;
				INFOPLIST_KEY_UISupportedInterfaceOrientations = UIInterfaceOrientationPortrait;
				INFOPLIST_KEY_UISupportedInterfaceOrientations_iPad = "UIInterfaceOrientationPortrait UIInterfaceOrientationPortraitUpsideDown UIInterfaceOrientationLandscapeLeft UIInterfaceOrientationLandscapeRight";
				INFOPLIST_KEY_UISupportedInterfaceOrientations_iPhone = "UIInterfaceOrientationPortrait UIInterfaceOrientationLandscapeLeft UIInterfaceOrientationLandscapeRight";
				LD_RUNPATH_SEARCH_PATHS = (
					"$(inherited)",
					"@executable_path/Frameworks",
				);
				MARKETING_VERSION = 1.0;
				PRODUCT_BUNDLE_IDENTIFIER = JorgeFuentes.MarvelVIPER;
				PRODUCT_NAME = "$(TARGET_NAME)";
				SWIFT_EMIT_LOC_STRINGS = YES;
				SWIFT_VERSION = 5.0;
				TARGETED_DEVICE_FAMILY = 1;
			};
			name = Release;
		};
		119BD32A282C0245009C474B /* Debug */ = {
			isa = XCBuildConfiguration;
			buildSettings = {
				ALWAYS_EMBED_SWIFT_STANDARD_LIBRARIES = YES;
				BUNDLE_LOADER = "$(TEST_HOST)";
				CODE_SIGN_STYLE = Automatic;
				CURRENT_PROJECT_VERSION = 1;
				DEVELOPMENT_TEAM = 7B98K56955;
				GENERATE_INFOPLIST_FILE = YES;
				IPHONEOS_DEPLOYMENT_TARGET = 15.4;
				MARKETING_VERSION = 1.0;
				PRODUCT_BUNDLE_IDENTIFIER = JorgeFuentes.MarvelVIPERTests;
				PRODUCT_NAME = "$(TARGET_NAME)";
				SWIFT_EMIT_LOC_STRINGS = NO;
				SWIFT_VERSION = 5.0;
				TARGETED_DEVICE_FAMILY = "1,2";
				TEST_HOST = "$(BUILT_PRODUCTS_DIR)/MarvelVIPER.app/MarvelVIPER";
			};
			name = Debug;
		};
		119BD32B282C0245009C474B /* Release */ = {
			isa = XCBuildConfiguration;
			buildSettings = {
				ALWAYS_EMBED_SWIFT_STANDARD_LIBRARIES = YES;
				BUNDLE_LOADER = "$(TEST_HOST)";
				CODE_SIGN_STYLE = Automatic;
				CURRENT_PROJECT_VERSION = 1;
				DEVELOPMENT_TEAM = 7B98K56955;
				GENERATE_INFOPLIST_FILE = YES;
				IPHONEOS_DEPLOYMENT_TARGET = 15.4;
				MARKETING_VERSION = 1.0;
				PRODUCT_BUNDLE_IDENTIFIER = JorgeFuentes.MarvelVIPERTests;
				PRODUCT_NAME = "$(TARGET_NAME)";
				SWIFT_EMIT_LOC_STRINGS = NO;
				SWIFT_VERSION = 5.0;
				TARGETED_DEVICE_FAMILY = "1,2";
				TEST_HOST = "$(BUILT_PRODUCTS_DIR)/MarvelVIPER.app/MarvelVIPER";
			};
			name = Release;
		};
		119BD32D282C0245009C474B /* Debug */ = {
			isa = XCBuildConfiguration;
			buildSettings = {
				ALWAYS_EMBED_SWIFT_STANDARD_LIBRARIES = YES;
				CODE_SIGN_STYLE = Automatic;
				CURRENT_PROJECT_VERSION = 1;
				DEVELOPMENT_TEAM = 7B98K56955;
				GENERATE_INFOPLIST_FILE = YES;
				MARKETING_VERSION = 1.0;
				PRODUCT_BUNDLE_IDENTIFIER = JorgeFuentes.MarvelVIPERUITests;
				PRODUCT_NAME = "$(TARGET_NAME)";
				SWIFT_EMIT_LOC_STRINGS = NO;
				SWIFT_VERSION = 5.0;
				TARGETED_DEVICE_FAMILY = "1,2";
				TEST_TARGET_NAME = MarvelVIPER;
			};
			name = Debug;
		};
		119BD32E282C0245009C474B /* Release */ = {
			isa = XCBuildConfiguration;
			buildSettings = {
				ALWAYS_EMBED_SWIFT_STANDARD_LIBRARIES = YES;
				CODE_SIGN_STYLE = Automatic;
				CURRENT_PROJECT_VERSION = 1;
				DEVELOPMENT_TEAM = 7B98K56955;
				GENERATE_INFOPLIST_FILE = YES;
				MARKETING_VERSION = 1.0;
				PRODUCT_BUNDLE_IDENTIFIER = JorgeFuentes.MarvelVIPERUITests;
				PRODUCT_NAME = "$(TARGET_NAME)";
				SWIFT_EMIT_LOC_STRINGS = NO;
				SWIFT_VERSION = 5.0;
				TARGETED_DEVICE_FAMILY = "1,2";
				TEST_TARGET_NAME = MarvelVIPER;
			};
			name = Release;
		};
/* End XCBuildConfiguration section */

/* Begin XCConfigurationList section */
		119BD2F7282C023F009C474B /* Build configuration list for PBXProject "MarvelVIPER" */ = {
			isa = XCConfigurationList;
			buildConfigurations = (
				119BD324282C0245009C474B /* Debug */,
				119BD325282C0245009C474B /* Release */,
			);
			defaultConfigurationIsVisible = 0;
			defaultConfigurationName = Release;
		};
		119BD326282C0245009C474B /* Build configuration list for PBXNativeTarget "MarvelVIPER" */ = {
			isa = XCConfigurationList;
			buildConfigurations = (
				119BD327282C0245009C474B /* Debug */,
				119BD328282C0245009C474B /* Release */,
			);
			defaultConfigurationIsVisible = 0;
			defaultConfigurationName = Release;
		};
		119BD329282C0245009C474B /* Build configuration list for PBXNativeTarget "MarvelVIPERTests" */ = {
			isa = XCConfigurationList;
			buildConfigurations = (
				119BD32A282C0245009C474B /* Debug */,
				119BD32B282C0245009C474B /* Release */,
			);
			defaultConfigurationIsVisible = 0;
			defaultConfigurationName = Release;
		};
		119BD32C282C0245009C474B /* Build configuration list for PBXNativeTarget "MarvelVIPERUITests" */ = {
			isa = XCConfigurationList;
			buildConfigurations = (
				119BD32D282C0245009C474B /* Debug */,
				119BD32E282C0245009C474B /* Release */,
			);
			defaultConfigurationIsVisible = 0;
			defaultConfigurationName = Release;
		};
/* End XCConfigurationList section */

/* Begin XCVersionGroup section */
		11948D3B298BDE9B00FEB156 /* CharactersDataModel.xcdatamodeld */ = {
			isa = XCVersionGroup;
			children = (
				11948D3C298BDE9B00FEB156 /* CharactersDataModel.xcdatamodel */,
			);
			currentVersion = 11948D3C298BDE9B00FEB156 /* CharactersDataModel.xcdatamodel */;
			path = CharactersDataModel.xcdatamodeld;
			sourceTree = "<group>";
			versionGroupType = wrapper.xcdatamodel;
		};
/* End XCVersionGroup section */
	};
	rootObject = 119BD2F4282C023F009C474B /* Project object */;
}
